
Microsoft Visual Studio Solution File, Format Version 12.00
# Visual Studio 2013
VisualStudioVersion = 12.0.21005.1
MinimumVisualStudioVersion = 10.0.40219.1
Project("{FAE04EC0-301F-11D3-BF4B-00C04F79EFBC}") = "DotNetMusic", "DotNetMusic\DotNetMusic.csproj", "{7F114AF7-08E3-4DE3-BAE5-37AE43C451ED}"
EndProject
Project("{FAE04EC0-301F-11D3-BF4B-00C04F79EFBC}") = "WPFMusicSheet", "WPFMusicSheet\WPFMusicSheet.csproj", "{432468CD-2FC6-4FFA-95B1-3FCFE513B74B}"
EndProject
Global
	GlobalSection(SolutionConfigurationPlatforms) = preSolution
		Debug|Any CPU = Debug|Any CPU
		Release|Any CPU = Release|Any CPU
	EndGlobalSection
	GlobalSection(ProjectConfigurationPlatforms) = postSolution
		{7F114AF7-08E3-4DE3-BAE5-37AE43C451ED}.Debug|Any CPU.ActiveCfg = Debug|Any CPU
		{7F114AF7-08E3-4DE3-BAE5-37AE43C451ED}.Debug|Any CPU.Build.0 = Debug|Any CPU
		{7F114AF7-08E3-4DE3-BAE5-37AE43C451ED}.Release|Any CPU.ActiveCfg = Release|Any CPU
		{7F114AF7-08E3-4DE3-BAE5-37AE43C451ED}.Release|Any CPU.Build.0 = Release|Any CPU
		{432468CD-2FC6-4FFA-95B1-3FCFE513B74B}.Debug|Any CPU.ActiveCfg = Debug|Any CPU
		{432468CD-2FC6-4FFA-95B1-3FCFE513B74B}.Debug|Any CPU.Build.0 = Debug|Any CPU
		{432468CD-2FC6-4FFA-95B1-3FCFE513B74B}.Release|Any CPU.ActiveCfg = Release|Any CPU
		{432468CD-2FC6-4FFA-95B1-3FCFE513B74B}.Release|Any CPU.Build.0 = Release|Any CPU
	EndGlobalSection
	GlobalSection(SolutionProperties) = preSolution
		HideSolutionNode = FALSE
	EndGlobalSection
EndGlobal
